// !$*UTF8*$!
{
	archiveVersion = 1;
	classes = {
	};
	objectVersion = 46;
	objects = {

/* Begin PBXBuildFile section */
		F692D9021BE551D600B82843 /* AppDelegate.swift in Sources */ = {isa = PBXBuildFile; fileRef = F692D9011BE551D600B82843 /* AppDelegate.swift */; };
		F692D9041BE551D600B82843 /* ViewController.swift in Sources */ = {isa = PBXBuildFile; fileRef = F692D9031BE551D600B82843 /* ViewController.swift */; };
		F692D9071BE551D600B82843 /* Main.storyboard in Resources */ = {isa = PBXBuildFile; fileRef = F692D9051BE551D600B82843 /* Main.storyboard */; };
		F692D9091BE551D600B82843 /* Assets.xcassets in Resources */ = {isa = PBXBuildFile; fileRef = F692D9081BE551D600B82843 /* Assets.xcassets */; };
		F692D90C1BE551D600B82843 /* LaunchScreen.storyboard in Resources */ = {isa = PBXBuildFile; fileRef = F692D90A1BE551D600B82843 /* LaunchScreen.storyboard */; };
		F692D9141BE5521100B82843 /* Datos.swift in Sources */ = {isa = PBXBuildFile; fileRef = F692D9131BE5521100B82843 /* Datos.swift */; };
/* End PBXBuildFile section */

/* Begin PBXFileReference section */
		F692D8FE1BE551D600B82843 /* Hamburguesas.app */ = {isa = PBXFileReference; explicitFileType = wrapper.application; includeInIndex = 0; path = Hamburguesas.app; sourceTree = BUILT_PRODUCTS_DIR; };
		F692D9011BE551D600B82843 /* AppDelegate.swift */ = {isa = PBXFileReference; lastKnownFileType = sourcecode.swift; path = AppDelegate.swift; sourceTree = "<group>"; };
		F692D9031BE551D600B82843 /* ViewController.swift */ = {isa = PBXFileReference; lastKnownFileType = sourcecode.swift; path = ViewController.swift; sourceTree = "<group>"; };
		F692D9061BE551D600B82843 /* Base */ = {isa = PBXFileReference; lastKnownFileType = file.storyboard; name = Base; path = Base.lproj/Main.storyboard; sourceTree = "<group>"; };
		F692D9081BE551D600B82843 /* Assets.xcassets */ = {isa = PBXFileReference; lastKnownFileType = folder.assetcatalog; path = Assets.xcassets; sourceTree = "<group>"; };
		F692D90B1BE551D600B82843 /* Base */ = {isa = PBXFileReference; lastKnownFileType = file.storyboard; name = Base; path = Base.lproj/LaunchScreen.storyboard; sourceTree = "<group>"; };
		F692D90D1BE551D600B82843 /* Info.plist */ = {isa = PBXFileReference; lastKnownFileType = text.plist.xml; path = Info.plist; sourceTree = "<group>"; };
		F692D9131BE5521100B82843 /* Datos.swift */ = {isa = PBXFileReference; fileEncoding = 4; lastKnownFileType = sourcecode.swift; path = Datos.swift; sourceTree = "<group>"; };
/* End PBXFileReference section */

/* Begin PBXFrameworksBuildPhase section */
		F692D8FB1BE551D600B82843 /* Frameworks */ = {
			isa = PBXFrameworksBuildPhase;
			buildActionMask = 2147483647;
			files = (
			);
			runOnlyForDeploymentPostprocessing = 0;
		};
/* End PBXFrameworksBuildPhase section */

/* Begin PBXGroup section */
		F692D8F51BE551D600B82843 = {
			isa = PBXGroup;
			children = (
				F692D9001BE551D600B82843 /* Hamburguesas */,
				F692D8FF1BE551D600B82843 /* Products */,
			);
			sourceTree = "<group>";
		};
		F692D8FF1BE551D600B82843 /* Products */ = {
			isa = PBXGroup;
			children = (
				F692D8FE1BE551D600B82843 /* Hamburguesas.app */,
			);
			name = Products;
			sourceTree = "<group>";
		};
		F692D9001BE551D600B82843 /* Hamburguesas */ = {
			isa = PBXGroup;
			children = (
				F692D9011BE551D600B82843 /* AppDelegate.swift */,
				F692D9031BE551D600B82843 /* ViewController.swift */,
				F692D9051BE551D600B82843 /* Main.storyboard */,
				F692D9081BE551D600B82843 /* Assets.xcassets */,
				F692D90A1BE551D600B82843 /* LaunchScreen.storyboard */,
				F692D90D1BE551D600B82843 /* Info.plist */,
				F692D9131BE5521100B82843 /* Datos.swift */,
			);
			path = Hamburguesas;
			sourceTree = "<group>";
		};
/* End PBXGroup section */

/* Begin PBXNativeTarget section */
		F692D8FD1BE551D600B82843 /* Hamburguesas */ = {
			isa = PBXNativeTarget;
			buildConfigurationList = F692D9101BE551D600B82843 /* Build configuration list for PBXNativeTarget "Hamburguesas" */;
			buildPhases = (
				F692D8FA1BE551D600B82843 /* Sources */,
				F692D8FB1BE551D600B82843 /* Frameworks */,
				F692D8FC1BE551D600B82843 /* Resources */,
			);
			buildRules = (
			);
			dependencies = (
			);
			name = Hamburguesas;
			productName = Hamburguesas;
			productReference = F692D8FE1BE551D600B82843 /* Hamburguesas.app */;
			productType = "com.apple.product-type.application";
		};
/* End PBXNativeTarget section */

/* Begin PBXProject section */
		F692D8F61BE551D600B82843 /* Project object */ = {
			isa = PBXProject;
			attributes = {
				LastSwiftUpdateCheck = 0710;
				LastUpgradeCheck = 0710;
				ORGANIZATIONNAME = "León Felipe Guevara Chávez";
				TargetAttributes = {
					F692D8FD1BE551D600B82843 = {
						CreatedOnToolsVersion = 7.1;
					};
				};
			};
			buildConfigurationList = F692D8F91BE551D600B82843 /* Build configuration list for PBXProject "Hamburguesas" */;
			compatibilityVersion = "Xcode 3.2";
			developmentRegion = English;
			hasScannedForEncodings = 0;
			knownRegions = (
				en,
				Base,
			);
			mainGroup = F692D8F51BE551D600B82843;
			productRefGroup = F692D8FF1BE551D600B82843 /* Products */;
			projectDirPath = "";
			projectRoot = "";
			targets = (
				F692D8FD1BE551D600B82843 /* Hamburguesas */,
			);
		};
/* End PBXProject section */

/* Begin PBXResourcesBuildPhase section */
		F692D8FC1BE551D600B82843 /* Resources */ = {
			isa = PBXResourcesBuildPhase;
			buildActionMask = 2147483647;
			files = (
				F692D90C1BE551D600B82843 /* LaunchScreen.storyboard in Resources */,
				F692D9091BE551D600B82843 /* Assets.xcassets in Resources */,
				F692D9071BE551D600B82843 /* Main.storyboard in Resources */,
			);
			runOnlyForDeploymentPostprocessing = 0;
		};
/* End PBXResourcesBuildPhase section */

/* Begin PBXSourcesBuildPhase section */
		F692D8FA1BE551D600B82843 /* Sources */ = {
			isa = PBXSourcesBuildPhase;
			buildActionMask = 2147483647;
			files = (
				F692D9041BE551D600B82843 /* ViewController.swift in Sources */,
				F692D9021BE551D600B82843 /* AppDelegate.swift in Sources */,
				F692D9141BE5521100B82843 /* Datos.swift in Sources */,
			);
			runOnlyForDeploymentPostprocessing = 0;
		};
/* End PBXSourcesBuildPhase section */

/* Begin PBXVariantGroup section */
		F692D9051BE551D600B82843 /* Main.storyboard */ = {
			isa = PBXVariantGroup;
			children = (
				F692D9061BE551D600B82843 /* Base */,
			);
			name = Main.storyboard;
			sourceTree = "<group>";
		};
		F692D90A1BE551D600B82843 /* LaunchScreen.storyboard */ = {
			isa = PBXVariantGroup;
			children = (
				F692D90B1BE551D600B82843 /* Base */,
			);
			name = LaunchScreen.storyboard;
			sourceTree = "<group>";
		};
/* End PBXVariantGroup section */

/* Begin XCBuildConfiguration section */
		F692D90E1BE551D600B82843 /* Debug */ = {
			isa = XCBuildConfiguration;
			buildSettings = {
				ALWAYS_SEARCH_USER_PATHS = NO;
				CLANG_CXX_LANGUAGE_STANDARD = "gnu++0x";
				CLANG_CXX_LIBRARY = "libc++";
				CLANG_ENABLE_MODULES = YES;
				CLANG_ENABLE_OBJC_ARC = YES;
				CLANG_WARN_BOOL_CONVERSION = YES;
				CLANG_WARN_CONSTANT_CONVERSION = YES;
				CLANG_WARN_DIRECT_OBJC_ISA_USAGE = YES_ERROR;
				CLANG_WARN_EMPTY_BODY = YES;
				CLANG_WARN_ENUM_CONVERSION = YES;
				CLANG_WARN_INT_CONVERSION = YES;
				CLANG_WARN_OBJC_ROOT_CLASS = YES_ERROR;
				CLANG_WARN_UNREACHABLE_CODE = YES;
				CLANG_WARN__DUPLICATE_METHOD_MATCH = YES;
				"CODE_SIGN_IDENTITY[sdk=iphoneos*]" = "iPhone Developer";
				COPY_PHASE_STRIP = NO;
				DEBUG_INFORMATION_FORMAT = dwarf;
				ENABLE_STRICT_OBJC_MSGSEND = YES;
				ENABLE_TESTABILITY = YES;
				GCC_C_LANGUAGE_STANDARD = gnu99;
				GCC_DYNAMIC_NO_PIC = NO;
				GCC_NO_COMMON_BLOCKS = YES;
				GCC_OPTIMIZATION_LEVEL = 0;
				GCC_PREPROCESSOR_DEFINITIONS = (
					"DEBUG=1",
					"$(inherited)",
				);
				GCC_WARN_64_TO_32_BIT_CONVERSION = YES;
				GCC_WARN_ABOUT_RETURN_TYPE = YES_ERROR;
				GCC_WARN_UNDECLARED_SELECTOR = YES;
				GCC_WARN_UNINITIALIZED_AUTOS = YES_AGGRESSIVE;
				GCC_WARN_UNUSED_FUNCTION = YES;
				GCC_WARN_UNUSED_VARIABLE = YES;
				IPHONEOS_DEPLOYMENT_TARGET = 9.1;
				MTL_ENABLE_DEBUG_INFO = YES;
				ONLY_ACTIVE_ARCH = YES;
				SDKROOT = iphoneos;
				SWIFT_OPTIMIZATION_LEVEL = "-Onone";
			};
			name = Debug;
		};
		F692D90F1BE551D600B82843 /* Release */ = {
			isa = XCBuildConfiguration;
			buildSettings = {
				ALWAYS_SEARCH_USER_PATHS = NO;
				CLANG_CXX_LANGUAGE_STANDARD = "gnu++0x";
				CLANG_CXX_LIBRARY = "libc++";
				CLANG_ENABLE_MODULES = YES;
				CLANG_ENABLE_OBJC_ARC = YES;
				CLANG_WARN_BOOL_CONVERSION = YES;
				CLANG_WARN_CONSTANT_CONVERSION = YES;
				CLANG_WARN_DIRECT_OBJC_ISA_USAGE = YES_ERROR;
				CLANG_WARN_EMPTY_BODY = YES;
				CLANG_WARN_ENUM_CONVERSION = YES;
				CLANG_WARN_INT_CONVERSION = YES;
				CLANG_WARN_OBJC_ROOT_CLASS = YES_ERROR;
				CLANG_WARN_UNREACHABLE_CODE = YES;
				CLANG_WARN__DUPLICATE_METHOD_MATCH = YES;
				"CODE_SIGN_IDENTITY[sdk=iphoneos*]" = "iPhone Developer";
				COPY_PHASE_STRIP = NO;
				DEBUG_INFORMATION_FORMAT = "dwarf-with-dsym";
				ENABLE_NS_ASSERTIONS = NO;
				ENABLE_STRICT_OBJC_MSGSEND = YES;
				GCC_C_LANGUAGE_STANDARD = gnu99;
				GCC_NO_COMMON_BLOCKS = YES;
				GCC_WARN_64_TO_32_BIT_CONVERSION = YES;
				GCC_WARN_ABOUT_RETURN_TYPE = YES_ERROR;
				GCC_WARN_UNDECLARED_SELECTOR = YES;
				GCC_WARN_UNINITIALIZED_AUTOS = YES_AGGRESSIVE;
				GCC_WARN_UNUSED_FUNCTION = YES;
				GCC_WARN_UNUSED_VARIABLE = YES;
				IPHONEOS_DEPLOYMENT_TARGET = 9.1;
				MTL_ENABLE_DEBUG_INFO = NO;
				SDKROOT = iphoneos;
				VALIDATE_PRODUCT = YES;
			};
			name = Release;
		};
		F692D9111BE551D600B82843 /* Debug */ = {
			isa = XCBuildConfiguration;
			buildSettings = {
				ASSETCATALOG_COMPILER_APPICON_NAME = AppIcon;
				INFOPLIST_FILE = Hamburguesas/Info.plist;
				LD_RUNPATH_SEARCH_PATHS = "$(inherited) @executable_path/Frameworks";
				PRODUCT_BUNDLE_IDENTIFIER = com.leonguevara.Hamburguesas;
				PRODUCT_NAME = "$(TARGET_NAME)";
			};
			name = Debug;
		};
		F692D9121BE551D600B82843 /* Release */ = {
			isa = XCBuildConfiguration;
			buildSettings = {
				ASSETCATALOG_COMPILER_APPICON_NAME = AppIcon;
				INFOPLIST_FILE = Hamburguesas/Info.plist;
				LD_RUNPATH_SEARCH_PATHS = "$(inherited) @executable_path/Frameworks";
				PRODUCT_BUNDLE_IDENTIFIER = com.leonguevara.Hamburguesas;
				PRODUCT_NAME = "$(TARGET_NAME)";
			};
			name = Release;
		};
/* End XCBuildConfiguration section */

/* Begin XCConfigurationList section */
		F692D8F91BE551D600B82843 /* Build configuration list for PBXProject "Hamburguesas" */ = {
			isa = XCConfigurationList;
			buildConfigurations = (
				F692D90E1BE551D600B82843 /* Debug */,
				F692D90F1BE551D600B82843 /* Release */,
			);
			defaultConfigurationIsVisible = 0;
			defaultConfigurationName = Release;
		};
		F692D9101BE551D600B82843 /* Build configuration list for PBXNativeTarget "Hamburguesas" */ = {
			isa = XCConfigurationList;
			buildConfigurations = (
				F692D9111BE551D600B82843 /* Debug */,
				F692D9121BE551D600B82843 /* Release */,
			);
			defaultConfigurationIsVisible = 0;
		};
/* End XCConfigurationList section */
	};
	rootObject = F692D8F61BE551D600B82843 /* Project object */;
}
